# This file is automatically @generated by Cargo.
# It is not intended for manual editing.
version = 3

[[package]]
name = "asm"
version = "0.3.0"
source = "registry+https://github.com/rust-lang/crates.io-index"
checksum = "5dea9a9c0e14a4cc4d03686d562a9459cbde1daef1158ac20a414b41e559453b"
dependencies = [
 "bitflags 1.3.2",
 "thiserror",
]

[[package]]
name = "bit_field"
version = "0.10.2"
source = "registry+https://github.com/rust-lang/crates.io-index"
checksum = "dc827186963e592360843fb5ba4b973e145841266c1357f7180c43526f2e5b61"

[[package]]
name = "bitflags"
version = "1.3.2"
source = "registry+https://github.com/rust-lang/crates.io-index"
checksum = "bef38d45163c2f1dde094a7dfd33ccf595c92905c8f8f4fdc18d06fb1037718a"

[[package]]
name = "bitflags"
version = "2.6.0"
source = "registry+https://github.com/rust-lang/crates.io-index"
checksum = "b048fb63fd8b5923fc5aa7b340d8e156aec7ec02f0c78fa8a6ddc2613f6f71de"

[[package]]
name = "no-std"
version = "0.0.1"
source = "registry+https://github.com/rust-lang/crates.io-index"
checksum = "7fed26b8df76172469e61d1355b892c47c163ce3a892e8db6e7a1b25ba7c32a4"

[[package]]
name = "panic-halt"
version = "1.0.0"
source = "registry+https://github.com/rust-lang/crates.io-index"
checksum = "a513e167849a384b7f9b746e517604398518590a9142f4846a32e3c2a4de7b11"

[[package]]
name = "proc-macro2"
version = "1.0.92"
source = "registry+https://github.com/rust-lang/crates.io-index"
checksum = "37d3544b3f2748c54e147655edb5025752e2303145b5aefb3c3ea2c78b973bb0"
dependencies = [
 "unicode-ident",
]

[[package]]
name = "quote"
version = "1.0.37"
source = "registry+https://github.com/rust-lang/crates.io-index"
checksum = "b5b9d34b8991d19d98081b46eacdd8eb58c6f2b201139f7c5f643cc155a633af"
dependencies = [
 "proc-macro2",
]

[[package]]
name = "rust-kernel"
version = "0.1.0"
dependencies = [
 "asm",
 "no-std",
 "panic-halt",
 "vcell",
 "x86_64",
]

[[package]]
name = "rustversion"
version = "1.0.18"
source = "registry+https://github.com/rust-lang/crates.io-index"
checksum = "0e819f2bc632f285be6d7cd36e25940d45b2391dd6d9b939e79de557f7014248"

[[package]]
name = "syn"
version = "2.0.90"
source = "registry+https://github.com/rust-lang/crates.io-index"
checksum = "919d3b74a5dd0ccd15aeb8f93e7006bd9e14c295087c9896a110f490752bcf31"
dependencies = [
 "proc-macro2",
 "quote",
 "unicode-ident",
]

[[package]]
name = "thiserror"
version = "1.0.69"
source = "registry+https://github.com/rust-lang/crates.io-index"
checksum = "b6aaf5339b578ea85b50e080feb250a3e8ae8cfcdff9a461c9ec2904bc923f52"
dependencies = [
 "thiserror-impl",
]

[[package]]
name = "thiserror-impl"
version = "1.0.69"
source = "registry+https://github.com/rust-lang/crates.io-index"
checksum = "4fee6c4efc90059e10f81e6d42c60a18f76588c3d74cb83a0b242a2b6c7504c1"
dependencies = [
 "proc-macro2",
 "quote",
 "syn",
]

[[package]]
name = "unicode-ident"
version = "1.0.14"
source = "registry+https://github.com/rust-lang/crates.io-index"
checksum = "adb9e6ca4f869e1180728b7950e35922a7fc6397f7b641499e8f3ef06e50dc83"

[[package]]
name = "vcell"
version = "0.1.3"
source = "registry+https://github.com/rust-lang/crates.io-index"
checksum = "77439c1b53d2303b20d9459b1ade71a83c716e3f9c34f3228c00e6f185d6c002"

[[package]]
name = "volatile"
version = "0.4.6"
source = "registry+https://github.com/rust-lang/crates.io-index"
checksum = "442887c63f2c839b346c192d047a7c87e73d0689c9157b00b53dcc27dd5ea793"

[[package]]
name = "x86_64"
version = "0.15.2"
source = "registry+https://github.com/rust-lang/crates.io-index"
checksum = "0f042214de98141e9c8706e8192b73f56494087cc55ebec28ce10f26c5c364ae"
dependencies = [
 "bit_field",
 "bitflags 2.6.0",
 "rustversion",
 "volatile",
]
